
Microsoft Visual Studio Solution File, Format Version 12.00
# Visual Studio Version 16
VisualStudioVersion = 16.0.32002.261
MinimumVisualStudioVersion = 10.0.40219.1
Project("{FAE04EC0-301F-11D3-BF4B-00C04F79EFBC}") = "L2_8_Zad_10", "L2_8_Zad_10\L2_8_Zad_10.csproj", "{3868222E-06E0-4499-A57A-97E9AAAFAE4B}"
EndProject
Global
	GlobalSection(SolutionConfigurationPlatforms) = preSolution
		Debug|Any CPU = Debug|Any CPU
		Release|Any CPU = Release|Any CPU
	EndGlobalSection
	GlobalSection(ProjectConfigurationPlatforms) = postSolution
		{3868222E-06E0-4499-A57A-97E9AAAFAE4B}.Debug|Any CPU.ActiveCfg = Debug|Any CPU
		{3868222E-06E0-4499-A57A-97E9AAAFAE4B}.Debug|Any CPU.Build.0 = Debug|Any CPU
		{3868222E-06E0-4499-A57A-97E9AAAFAE4B}.Release|Any CPU.ActiveCfg = Release|Any CPU
		{3868222E-06E0-4499-A57A-97E9AAAFAE4B}.Release|Any CPU.Build.0 = Release|Any CPU
	EndGlobalSection
	GlobalSection(SolutionProperties) = preSolution
		HideSolutionNode = FALSE
	EndGlobalSection
	GlobalSection(ExtensibilityGlobals) = postSolution
		SolutionGuid = {5F632482-217C-412C-8E9A-56A190FEC934}
	EndGlobalSection
EndGlobal
